
Microsoft Visual Studio Solution File, Format Version 12.00
# Visual Studio Version 18
VisualStudioVersion = 18.5.11619.145
MinimumVisualStudioVersion = 10.0.40219.1
Project("{FAE04EC0-301F-11D3-BF4B-00C04F79EFBC}") = "RunoLesne.Tests", "Tests\RunoLesne.Tests\RunoLesne.Tests.csproj", "{91A898AF-21B2-4201-A32C-B46CEC0DC499}"
EndProject
Project("{FAE04EC0-301F-11D3-BF4B-00C04F79EFBC}") = "RunoLesne.Core", "RunoLesne.Core\RunoLesne.Core.csproj", "{A0A6B57C-EC52-5A21-2B60-0759A5FA6FA5}"
EndProject
Global
	GlobalSection(SolutionConfigurationPlatforms) = preSolution
		Debug|Any CPU = Debug|Any CPU
		ExportDebug|Any CPU = ExportDebug|Any CPU
		ExportRelease|Any CPU = ExportRelease|Any CPU
	EndGlobalSection
	GlobalSection(ProjectConfigurationPlatforms) = postSolution
		{91A898AF-21B2-4201-A32C-B46CEC0DC499}.Debug|Any CPU.ActiveCfg = Debug|Any CPU
		{91A898AF-21B2-4201-A32C-B46CEC0DC499}.Debug|Any CPU.Build.0 = Debug|Any CPU
		{91A898AF-21B2-4201-A32C-B46CEC0DC499}.ExportDebug|Any CPU.ActiveCfg = Release|Any CPU
		{91A898AF-21B2-4201-A32C-B46CEC0DC499}.ExportDebug|Any CPU.Build.0 = Release|Any CPU
		{91A898AF-21B2-4201-A32C-B46CEC0DC499}.ExportRelease|Any CPU.ActiveCfg = Release|Any CPU
		{91A898AF-21B2-4201-A32C-B46CEC0DC499}.ExportRelease|Any CPU.Build.0 = Release|Any CPU
		{A0A6B57C-EC52-5A21-2B60-0759A5FA6FA5}.Debug|Any CPU.ActiveCfg = Debug|Any CPU
		{A0A6B57C-EC52-5A21-2B60-0759A5FA6FA5}.Debug|Any CPU.Build.0 = Debug|Any CPU
		{A0A6B57C-EC52-5A21-2B60-0759A5FA6FA5}.ExportDebug|Any CPU.ActiveCfg = Release|Any CPU
		{A0A6B57C-EC52-5A21-2B60-0759A5FA6FA5}.ExportDebug|Any CPU.Build.0 = Release|Any CPU
		{A0A6B57C-EC52-5A21-2B60-0759A5FA6FA5}.ExportRelease|Any CPU.ActiveCfg = Release|Any CPU
		{A0A6B57C-EC52-5A21-2B60-0759A5FA6FA5}.ExportRelease|Any CPU.Build.0 = Release|Any CPU
	EndGlobalSection
	GlobalSection(SolutionProperties) = preSolution
		HideSolutionNode = FALSE
	EndGlobalSection
	GlobalSection(ExtensibilityGlobals) = postSolution
		SolutionGuid = {17BC3C9E-D9E5-454C-BA89-82F861860FFF}
	EndGlobalSection
EndGlobal
